
Microsoft Visual Studio Solution File, Format Version 12.00
# Visual Studio Version 17
VisualStudioVersion = 17.11.35312.102
MinimumVisualStudioVersion = 10.0.40219.1
Project("{9A19103F-16F7-4668-BE54-9A1E7A4F7556}") = "xadrez-console", "xadrez-console\xadrez-console.csproj", "{FBF78171-A100-4BC4-8530-469D6B62F091}"
EndProject
Global
	GlobalSection(SolutionConfigurationPlatforms) = preSolution
		Debug|Any CPU = Debug|Any CPU
		Release|Any CPU = Release|Any CPU
	EndGlobalSection
	GlobalSection(ProjectConfigurationPlatforms) = postSolution
		{FBF78171-A100-4BC4-8530-469D6B62F091}.Debug|Any CPU.ActiveCfg = Debug|Any CPU
		{FBF78171-A100-4BC4-8530-469D6B62F091}.Debug|Any CPU.Build.0 = Debug|Any CPU
		{FBF78171-A100-4BC4-8530-469D6B62F091}.Release|Any CPU.ActiveCfg = Release|Any CPU
		{FBF78171-A100-4BC4-8530-469D6B62F091}.Release|Any CPU.Build.0 = Release|Any CPU
	EndGlobalSection
	GlobalSection(SolutionProperties) = preSolution
		HideSolutionNode = FALSE
	EndGlobalSection
	GlobalSection(ExtensibilityGlobals) = postSolution
		SolutionGuid = {4760345E-1142-486D-A522-3837A9D78EF2}
	EndGlobalSection
EndGlobal
